
Microsoft Visual Studio Solution File, Format Version 12.00
# Visual Studio Version 16
VisualStudioVersion = 16.0.30225.117
MinimumVisualStudioVersion = 10.0.40219.1
Project("{FAE04EC0-301F-11D3-BF4B-00C04F79EFBC}") = "GameBoard", "GameBoard\GameBoard.csproj", "{8EA14C37-ABDB-4AB8-8A0C-1BE1FEAB1DF3}"
EndProject
Project("{FAE04EC0-301F-11D3-BF4B-00C04F79EFBC}") = "GameBoardTester", "GameBoardTester\GameBoardTester.csproj", "{C4897B80-B31E-49E5-AB2E-3146CEBE8154}"
EndProject
Global
	GlobalSection(SolutionConfigurationPlatforms) = preSolution
		Debug|Any CPU = Debug|Any CPU
		Release|Any CPU = Release|Any CPU
	EndGlobalSection
	GlobalSection(ProjectConfigurationPlatforms) = postSolution
		{8EA14C37-ABDB-4AB8-8A0C-1BE1FEAB1DF3}.Debug|Any CPU.ActiveCfg = Debug|Any CPU
		{8EA14C37-ABDB-4AB8-8A0C-1BE1FEAB1DF3}.Debug|Any CPU.Build.0 = Debug|Any CPU
		{8EA14C37-ABDB-4AB8-8A0C-1BE1FEAB1DF3}.Release|Any CPU.ActiveCfg = Release|Any CPU
		{8EA14C37-ABDB-4AB8-8A0C-1BE1FEAB1DF3}.Release|Any CPU.Build.0 = Release|Any CPU
		{C4897B80-B31E-49E5-AB2E-3146CEBE8154}.Debug|Any CPU.ActiveCfg = Debug|Any CPU
		{C4897B80-B31E-49E5-AB2E-3146CEBE8154}.Debug|Any CPU.Build.0 = Debug|Any CPU
		{C4897B80-B31E-49E5-AB2E-3146CEBE8154}.Release|Any CPU.ActiveCfg = Release|Any CPU
		{C4897B80-B31E-49E5-AB2E-3146CEBE8154}.Release|Any CPU.Build.0 = Release|Any CPU
	EndGlobalSection
	GlobalSection(SolutionProperties) = preSolution
		HideSolutionNode = FALSE
	EndGlobalSection
	GlobalSection(ExtensibilityGlobals) = postSolution
		SolutionGuid = {524AD0DC-3B6E-4C8B-95A8-B42BBF62E1D8}
	EndGlobalSection
EndGlobal
